
Microsoft Visual Studio Solution File, Format Version 12.00
# Visual Studio Version 17
VisualStudioVersion = 17.5.002.0
MinimumVisualStudioVersion = 10.0.40219.1
Project("{9A19103F-16F7-4668-BE54-9A1E7A4F7556}") = "CalcularAreaFiguras", "CalcularAreaFiguras\CalcularAreaFiguras.csproj", "{BDD52CC5-686C-4548-BDA0-7C1F25131683}"
EndProject
Global
	GlobalSection(SolutionConfigurationPlatforms) = preSolution
		Debug|Any CPU = Debug|Any CPU
		Release|Any CPU = Release|Any CPU
	EndGlobalSection
	GlobalSection(ProjectConfigurationPlatforms) = postSolution
		{BDD52CC5-686C-4548-BDA0-7C1F25131683}.Debug|Any CPU.ActiveCfg = Debug|Any CPU
		{BDD52CC5-686C-4548-BDA0-7C1F25131683}.Debug|Any CPU.Build.0 = Debug|Any CPU
		{BDD52CC5-686C-4548-BDA0-7C1F25131683}.Release|Any CPU.ActiveCfg = Release|Any CPU
		{BDD52CC5-686C-4548-BDA0-7C1F25131683}.Release|Any CPU.Build.0 = Release|Any CPU
	EndGlobalSection
	GlobalSection(SolutionProperties) = preSolution
		HideSolutionNode = FALSE
	EndGlobalSection
	GlobalSection(ExtensibilityGlobals) = postSolution
		SolutionGuid = {A0F9F7C7-1D1F-4649-96B5-F6CEF937BD41}
	EndGlobalSection
EndGlobal
